// !$*UTF8*$!
{
	archiveVersion = 1;
	classes = {
	};
	objectVersion = 50;
	objects = {

/* Begin PBXBuildFile section */
		A06715FF25017E01005DBAE7 /* AppDelegate.swift in Sources */ = {isa = PBXBuildFile; fileRef = A06715FE25017E01005DBAE7 /* AppDelegate.swift */; };
		A067160125017E01005DBAE7 /* SceneDelegate.swift in Sources */ = {isa = PBXBuildFile; fileRef = A067160025017E01005DBAE7 /* SceneDelegate.swift */; };
		A067160325017E01005DBAE7 /* ViewController.swift in Sources */ = {isa = PBXBuildFile; fileRef = A067160225017E01005DBAE7 /* ViewController.swift */; };
		A067160625017E01005DBAE7 /* Main.storyboard in Resources */ = {isa = PBXBuildFile; fileRef = A067160425017E01005DBAE7 /* Main.storyboard */; };
		A067160825017E02005DBAE7 /* Assets.xcassets in Resources */ = {isa = PBXBuildFile; fileRef = A067160725017E02005DBAE7 /* Assets.xcassets */; };
		A067160B25017E02005DBAE7 /* LaunchScreen.storyboard in Resources */ = {isa = PBXBuildFile; fileRef = A067160925017E02005DBAE7 /* LaunchScreen.storyboard */; };
/* End PBXBuildFile section */

/* Begin PBXFileReference section */
		A06715FB25017E01005DBAE7 /* 2020-09-03-AwesomeButton-Leigh-Jin.app */ = {isa = PBXFileReference; explicitFileType = wrapper.application; includeInIndex = 0; path = "2020-09-03-AwesomeButton-Leigh-Jin.app"; sourceTree = BUILT_PRODUCTS_DIR; };
		A06715FE25017E01005DBAE7 /* AppDelegate.swift */ = {isa = PBXFileReference; lastKnownFileType = sourcecode.swift; path = AppDelegate.swift; sourceTree = "<group>"; };
		A067160025017E01005DBAE7 /* SceneDelegate.swift */ = {isa = PBXFileReference; lastKnownFileType = sourcecode.swift; path = SceneDelegate.swift; sourceTree = "<group>"; };
		A067160225017E01005DBAE7 /* ViewController.swift */ = {isa = PBXFileReference; lastKnownFileType = sourcecode.swift; path = ViewController.swift; sourceTree = "<group>"; };
		A067160525017E01005DBAE7 /* Base */ = {isa = PBXFileReference; lastKnownFileType = file.storyboard; name = Base; path = Base.lproj/Main.storyboard; sourceTree = "<group>"; };
		A067160725017E02005DBAE7 /* Assets.xcassets */ = {isa = PBXFileReference; lastKnownFileType = folder.assetcatalog; path = Assets.xcassets; sourceTree = "<group>"; };
		A067160A25017E02005DBAE7 /* Base */ = {isa = PBXFileReference; lastKnownFileType = file.storyboard; name = Base; path = Base.lproj/LaunchScreen.storyboard; sourceTree = "<group>"; };
		A067160C25017E02005DBAE7 /* Info.plist */ = {isa = PBXFileReference; lastKnownFileType = text.plist.xml; path = Info.plist; sourceTree = "<group>"; };
/* End PBXFileReference section */

/* Begin PBXFrameworksBuildPhase section */
		A06715F825017E01005DBAE7 /* Frameworks */ = {
			isa = PBXFrameworksBuildPhase;
			buildActionMask = 2147483647;
			files = (
			);
			runOnlyForDeploymentPostprocessing = 0;
		};
/* End PBXFrameworksBuildPhase section */

/* Begin PBXGroup section */
		A06715F225017E01005DBAE7 = {
			isa = PBXGroup;
			children = (
				A06715FD25017E01005DBAE7 /* 2020-09-03-AwesomeButton-Leigh-Jin */,
				A06715FC25017E01005DBAE7 /* Products */,
			);
			sourceTree = "<group>";
		};
		A06715FC25017E01005DBAE7 /* Products */ = {
			isa = PBXGroup;
			children = (
				A06715FB25017E01005DBAE7 /* 2020-09-03-AwesomeButton-Leigh-Jin.app */,
			);
			name = Products;
			sourceTree = "<group>";
		};
		A06715FD25017E01005DBAE7 /* 2020-09-03-AwesomeButton-Leigh-Jin */ = {
			isa = PBXGroup;
			children = (
				A06715FE25017E01005DBAE7 /* AppDelegate.swift */,
				A067160025017E01005DBAE7 /* SceneDelegate.swift */,
				A067160225017E01005DBAE7 /* ViewController.swift */,
				A067160425017E01005DBAE7 /* Main.storyboard */,
				A067160725017E02005DBAE7 /* Assets.xcassets */,
				A067160925017E02005DBAE7 /* LaunchScreen.storyboard */,
				A067160C25017E02005DBAE7 /* Info.plist */,
			);
			path = "2020-09-03-AwesomeButton-Leigh-Jin";
			sourceTree = "<group>";
		};
/* End PBXGroup section */

/* Begin PBXNativeTarget section */
		A06715FA25017E01005DBAE7 /* 2020-09-03-AwesomeButton-Leigh-Jin */ = {
			isa = PBXNativeTarget;
			buildConfigurationList = A067160F25017E02005DBAE7 /* Build configuration list for PBXNativeTarget "2020-09-03-AwesomeButton-Leigh-Jin" */;
			buildPhases = (
				A06715F725017E01005DBAE7 /* Sources */,
				A06715F825017E01005DBAE7 /* Frameworks */,
				A06715F925017E01005DBAE7 /* Resources */,
			);
			buildRules = (
			);
			dependencies = (
			);
			name = "2020-09-03-AwesomeButton-Leigh-Jin";
			productName = "2020-09-03-AwesomeButton-Leigh-Jin";
			productReference = A06715FB25017E01005DBAE7 /* 2020-09-03-AwesomeButton-Leigh-Jin.app */;
			productType = "com.apple.product-type.application";
		};
/* End PBXNativeTarget section */

/* Begin PBXProject section */
		A06715F325017E01005DBAE7 /* Project object */ = {
			isa = PBXProject;
			attributes = {
				LastSwiftUpdateCheck = 1130;
				LastUpgradeCheck = 1130;
				ORGANIZATIONNAME = SFSU;
				TargetAttributes = {
					A06715FA25017E01005DBAE7 = {
						CreatedOnToolsVersion = 11.3.1;
					};
				};
			};
			buildConfigurationList = A06715F625017E01005DBAE7 /* Build configuration list for PBXProject "2020-09-03-AwesomeButton-Leigh-Jin" */;
			compatibilityVersion = "Xcode 9.3";
			developmentRegion = en;
			hasScannedForEncodings = 0;
			knownRegions = (
				en,
				Base,
			);
			mainGroup = A06715F225017E01005DBAE7;
			productRefGroup = A06715FC25017E01005DBAE7 /* Products */;
			projectDirPath = "";
			projectRoot = "";
			targets = (
				A06715FA25017E01005DBAE7 /* 2020-09-03-AwesomeButton-Leigh-Jin */,
			);
		};
/* End PBXProject section */

/* Begin PBXResourcesBuildPhase section */
		A06715F925017E01005DBAE7 /* Resources */ = {
			isa = PBXResourcesBuildPhase;
			buildActionMask = 2147483647;
			files = (
				A067160B25017E02005DBAE7 /* LaunchScreen.storyboard in Resources */,
				A067160825017E02005DBAE7 /* Assets.xcassets in Resources */,
				A067160625017E01005DBAE7 /* Main.storyboard in Resources */,
			);
			runOnlyForDeploymentPostprocessing = 0;
		};
/* End PBXResourcesBuildPhase section */

/* Begin PBXSourcesBuildPhase section */
		A06715F725017E01005DBAE7 /* Sources */ = {
			isa = PBXSourcesBuildPhase;
			buildActionMask = 2147483647;
			files = (
				A067160325017E01005DBAE7 /* ViewController.swift in Sources */,
				A06715FF25017E01005DBAE7 /* AppDelegate.swift in Sources */,
				A067160125017E01005DBAE7 /* SceneDelegate.swift in Sources */,
			);
			runOnlyForDeploymentPostprocessing = 0;
		};
/* End PBXSourcesBuildPhase section */

/* Begin PBXVariantGroup section */
		A067160425017E01005DBAE7 /* Main.storyboard */ = {
			isa = PBXVariantGroup;
			children = (
				A067160525017E01005DBAE7 /* Base */,
			);
			name = Main.storyboard;
			sourceTree = "<group>";
		};
		A067160925017E02005DBAE7 /* LaunchScreen.storyboard */ = {
			isa = PBXVariantGroup;
			children = (
				A067160A25017E02005DBAE7 /* Base */,
			);
			name = LaunchScreen.storyboard;
			sourceTree = "<group>";
		};
/* End PBXVariantGroup section */

/* Begin XCBuildConfiguration section */
		A067160D25017E02005DBAE7 /* Debug */ = {
			isa = XCBuildConfiguration;
			buildSettings = {
				ALWAYS_SEARCH_USER_PATHS = NO;
				CLANG_ANALYZER_NONNULL = YES;
				CLANG_ANALYZER_NUMBER_OBJECT_CONVERSION = YES_AGGRESSIVE;
				CLANG_CXX_LANGUAGE_STANDARD = "gnu++14";
				CLANG_CXX_LIBRARY = "libc++";
				CLANG_ENABLE_MODULES = YES;
				CLANG_ENABLE_OBJC_ARC = YES;
				CLANG_ENABLE_OBJC_WEAK = YES;
				CLANG_WARN_BLOCK_CAPTURE_AUTORELEASING = YES;
				CLANG_WARN_BOOL_CONVERSION = YES;
				CLANG_WARN_COMMA = YES;
				CLANG_WARN_CONSTANT_CONVERSION = YES;
				CLANG_WARN_DEPRECATED_OBJC_IMPLEMENTATIONS = YES;
				CLANG_WARN_DIRECT_OBJC_ISA_USAGE = YES_ERROR;
				CLANG_WARN_DOCUMENTATION_COMMENTS = YES;
				CLANG_WARN_EMPTY_BODY = YES;
				CLANG_WARN_ENUM_CONVERSION = YES;
				CLANG_WARN_INFINITE_RECURSION = YES;
				CLANG_WARN_INT_CONVERSION = YES;
				CLANG_WARN_NON_LITERAL_NULL_CONVERSION = YES;
				CLANG_WARN_OBJC_IMPLICIT_RETAIN_SELF = YES;
				CLANG_WARN_OBJC_LITERAL_CONVERSION = YES;
				CLANG_WARN_OBJC_ROOT_CLASS = YES_ERROR;
				CLANG_WARN_RANGE_LOOP_ANALYSIS = YES;
				CLANG_WARN_STRICT_PROTOTYPES = YES;
				CLANG_WARN_SUSPICIOUS_MOVE = YES;
				CLANG_WARN_UNGUARDED_AVAILABILITY = YES_AGGRESSIVE;
				CLANG_WARN_UNREACHABLE_CODE = YES;
				CLANG_WARN__DUPLICATE_METHOD_MATCH = YES;
				COPY_PHASE_STRIP = NO;
				DEBUG_INFORMATION_FORMAT = dwarf;
				ENABLE_STRICT_OBJC_MSGSEND = YES;
				ENABLE_TESTABILITY = YES;
				GCC_C_LANGUAGE_STANDARD = gnu11;
				GCC_DYNAMIC_NO_PIC = NO;
				GCC_NO_COMMON_BLOCKS = YES;
				GCC_OPTIMIZATION_LEVEL = 0;
				GCC_PREPROCESSOR_DEFINITIONS = (
					"DEBUG=1",
					"$(inherited)",
				);
				GCC_WARN_64_TO_32_BIT_CONVERSION = YES;
				GCC_WARN_ABOUT_RETURN_TYPE = YES_ERROR;
				GCC_WARN_UNDECLARED_SELECTOR = YES;
				GCC_WARN_UNINITIALIZED_AUTOS = YES_AGGRESSIVE;
				GCC_WARN_UNUSED_FUNCTION = YES;
				GCC_WARN_UNUSED_VARIABLE = YES;
				IPHONEOS_DEPLOYMENT_TARGET = 13.2;
				MTL_ENABLE_DEBUG_INFO = INCLUDE_SOURCE;
				MTL_FAST_MATH = YES;
				ONLY_ACTIVE_ARCH = YES;
				SDKROOT = iphoneos;
				SWIFT_ACTIVE_COMPILATION_CONDITIONS = DEBUG;
				SWIFT_OPTIMIZATION_LEVEL = "-Onone";
			};
			name = Debug;
		};
		A067160E25017E02005DBAE7 /* Release */ = {
			isa = XCBuildConfiguration;
			buildSettings = {
				ALWAYS_SEARCH_USER_PATHS = NO;
				CLANG_ANALYZER_NONNULL = YES;
				CLANG_ANALYZER_NUMBER_OBJECT_CONVERSION = YES_AGGRESSIVE;
				CLANG_CXX_LANGUAGE_STANDARD = "gnu++14";
				CLANG_CXX_LIBRARY = "libc++";
				CLANG_ENABLE_MODULES = YES;
				CLANG_ENABLE_OBJC_ARC = YES;
				CLANG_ENABLE_OBJC_WEAK = YES;
				CLANG_WARN_BLOCK_CAPTURE_AUTORELEASING = YES;
				CLANG_WARN_BOOL_CONVERSION = YES;
				CLANG_WARN_COMMA = YES;
				CLANG_WARN_CONSTANT_CONVERSION = YES;
				CLANG_WARN_DEPRECATED_OBJC_IMPLEMENTATIONS = YES;
				CLANG_WARN_DIRECT_OBJC_ISA_USAGE = YES_ERROR;
				CLANG_WARN_DOCUMENTATION_COMMENTS = YES;
				CLANG_WARN_EMPTY_BODY = YES;
				CLANG_WARN_ENUM_CONVERSION = YES;
				CLANG_WARN_INFINITE_RECURSION = YES;
				CLANG_WARN_INT_CONVERSION = YES;
				CLANG_WARN_NON_LITERAL_NULL_CONVERSION = YES;
				CLANG_WARN_OBJC_IMPLICIT_RETAIN_SELF = YES;
				CLANG_WARN_OBJC_LITERAL_CONVERSION = YES;
				CLANG_WARN_OBJC_ROOT_CLASS = YES_ERROR;
				CLANG_WARN_RANGE_LOOP_ANALYSIS = YES;
				CLANG_WARN_STRICT_PROTOTYPES = YES;
				CLANG_WARN_SUSPICIOUS_MOVE = YES;
				CLANG_WARN_UNGUARDED_AVAILABILITY = YES_AGGRESSIVE;
				CLANG_WARN_UNREACHABLE_CODE = YES;
				CLANG_WARN__DUPLICATE_METHOD_MATCH = YES;
				COPY_PHASE_STRIP = NO;
				DEBUG_INFORMATION_FORMAT = "dwarf-with-dsym";
				ENABLE_NS_ASSERTIONS = NO;
				ENABLE_STRICT_OBJC_MSGSEND = YES;
				GCC_C_LANGUAGE_STANDARD = gnu11;
				GCC_NO_COMMON_BLOCKS = YES;
				GCC_WARN_64_TO_32_BIT_CONVERSION = YES;
				GCC_WARN_ABOUT_RETURN_TYPE = YES_ERROR;
				GCC_WARN_UNDECLARED_SELECTOR = YES;
				GCC_WARN_UNINITIALIZED_AUTOS = YES_AGGRESSIVE;
				GCC_WARN_UNUSED_FUNCTION = YES;
				GCC_WARN_UNUSED_VARIABLE = YES;
				IPHONEOS_DEPLOYMENT_TARGET = 13.2;
				MTL_ENABLE_DEBUG_INFO = NO;
				MTL_FAST_MATH = YES;
				SDKROOT = iphoneos;
				SWIFT_COMPILATION_MODE = wholemodule;
				SWIFT_OPTIMIZATION_LEVEL = "-O";
				VALIDATE_PRODUCT = YES;
			};
			name = Release;
		};
		A067161025017E02005DBAE7 /* Debug */ = {
			isa = XCBuildConfiguration;
			buildSettings = {
				ASSETCATALOG_COMPILER_APPICON_NAME = AppIcon;
				CODE_SIGN_STYLE = Automatic;
				DEVELOPMENT_TEAM = Y9Q28763K8;
				INFOPLIST_FILE = "2020-09-03-AwesomeButton-Leigh-Jin/Info.plist";
				LD_RUNPATH_SEARCH_PATHS = (
					"$(inherited)",
					"@executable_path/Frameworks",
				);
				PRODUCT_BUNDLE_IDENTIFIER = "edu.sfsu.-020-09-03-AwesomeButton-Leigh-Jin";
				PRODUCT_NAME = "$(TARGET_NAME)";
				SWIFT_VERSION = 5.0;
				TARGETED_DEVICE_FAMILY = "1,2";
			};
			name = Debug;
		};
		A067161125017E02005DBAE7 /* Release */ = {
			isa = XCBuildConfiguration;
			buildSettings = {
				ASSETCATALOG_COMPILER_APPICON_NAME = AppIcon;
				CODE_SIGN_STYLE = Automatic;
				DEVELOPMENT_TEAM = Y9Q28763K8;
				INFOPLIST_FILE = "2020-09-03-AwesomeButton-Leigh-Jin/Info.plist";
				LD_RUNPATH_SEARCH_PATHS = (
					"$(inherited)",
					"@executable_path/Frameworks",
				);
				PRODUCT_BUNDLE_IDENTIFIER = "edu.sfsu.-020-09-03-AwesomeButton-Leigh-Jin";
				PRODUCT_NAME = "$(TARGET_NAME)";
				SWIFT_VERSION = 5.0;
				TARGETED_DEVICE_FAMILY = "1,2";
			};
			name = Release;
		};
/* End XCBuildConfiguration section */

/* Begin XCConfigurationList section */
		A06715F625017E01005DBAE7 /* Build configuration list for PBXProject "2020-09-03-AwesomeButton-Leigh-Jin" */ = {
			isa = XCConfigurationList;
			buildConfigurations = (
				A067160D25017E02005DBAE7 /* Debug */,
				A067160E25017E02005DBAE7 /* Release */,
			);
			defaultConfigurationIsVisible = 0;
			defaultConfigurationName = Release;
		};
		A067160F25017E02005DBAE7 /* Build configuration list for PBXNativeTarget "2020-09-03-AwesomeButton-Leigh-Jin" */ = {
			isa = XCConfigurationList;
			buildConfigurations = (
				A067161025017E02005DBAE7 /* Debug */,
				A067161125017E02005DBAE7 /* Release */,
			);
			defaultConfigurationIsVisible = 0;
			defaultConfigurationName = Release;
		};
/* End XCConfigurationList section */
	};
	rootObject = A06715F325017E01005DBAE7 /* Project object */;
}
